rawdata/PYCHOPPER/NABEC_KEN-1092_FTX_RNA/NABEC_KEN-1092_FTX_RNA_20250114_2320_2B_PBA15382_a372bdf5.trimmed.fastq
rawdata/PYCHOPPER/NABEC_KEN-1142_FTX_RNA/NABEC_KEN-1142_FTX_RNA_20250114_2321_2D_PAY64818_eea1f032.trimmed.fastq
rawdata/ONT_UBAM/NABEC_KEN-1092_FTX_RNA/NABEC_KEN-1092_FTX_RNA_20250114_2320_2B_PBA15382_a372bdf5.bam
rawdata/ASSEMBLY/STRINGTIE/NABEC_KEN-1092_FTX_RNA/sirv/NABEC_KEN-1092_FTX_RNA_20250114_2320_2B_PBA15382_a372bdf5_sirv.stringtie.gtf
rawdata/ASSEMBLY/STRINGTIE/NABEC_KEN-1092_FTX_RNA/NABEC_KEN-1092_FTX_RNA_20250114_2320_2B_PBA15382_a372bdf5_brain.stringtie.gtf
rawdata/ASSEMBLY/STRINGTIE/NABEC_KEN-1142_FTX_RNA/sirv/NABEC_KEN-1142_FTX_RNA_20250114_2321_2D_PAY64818_eea1f032_sirv.stringtie.gtf
rawdata/ASSEMBLY/STRINGTIE/NABEC_KEN-1142_FTX_RNA/NABEC_KEN-1142_FTX_RNA_20250114_2321_2D_PAY64818_eea1f032_brain.stringtie.gtf
rawdata/ASSEMBLY/MERGED/NABEC_KEN-1142_FTX_RNA/NABEC_KEN-1142_FTX_RNA_20250114_2321_2D_PAY64818_eea1f032.annotated.gtf
rawdata/ONT_UBAM/NABEC_KEN-1142_FTX_RNA/NABEC_KEN-1142_FTX_RNA_20250114_2321_2D_PAY64818_eea1f032.bam
rawdata/ASSEMBLY/MERGED/NABEC_KEN-1092_FTX_RNA/NABEC_KEN-1092_FTX_RNA_20250114_2320_2B_PBA15382_a372bdf5.annotated.gtf
rawdata/ASSEMBLY/ISOQUANT/NABEC_KEN-1092_FTX_RNA/NABEC_KEN-1092_FTX_RNA_20250114_2320_2B_PBA15382_a372bdf5/NABEC_KEN-1092_FTX_RNA_20250114_2320_2B_PBA15382_a372bdf5.transcript_models.gtf
rawdata/ASSEMBLY/ISOQUANT/NABEC_KEN-1142_FTX_RNA/NABEC_KEN-1142_FTX_RNA_20250114_2321_2D_PAY64818_eea1f032/NABEC_KEN-1142_FTX_RNA_20250114_2321_2D_PAY64818_eea1f032.transcript_models.gtf
rawdata/MAPPED/NABEC_KEN-1092_FTX_RNA/NABEC_KEN-1092_FTX_RNA_20250114_2320_2B_PBA15382_a372bdf5_brain_mapped.sorted.bam
rawdata/MAPPED/NABEC_KEN-1142_FTX_RNA/NABEC_KEN-1142_FTX_RNA_20250114_2321_2D_PAY64818_eea1f032_brain_mapped.sorted.bam
